
Microsoft Visual Studio Solution File, Format Version 12.00
# Visual Studio Version 17
VisualStudioVersion = 17.8.34511.84
MinimumVisualStudioVersion = 10.0.40219.1
Project("{FAE04EC0-301F-11D3-BF4B-00C04F79EFBC}") = "Problem3", "Problem3\Problem3.csproj", "{1A7AF0A3-08F0-45E6-8C7F-6488BB23AE81}"
EndProject
Global
	GlobalSection(SolutionConfigurationPlatforms) = preSolution
		Debug|Any CPU = Debug|Any CPU
		Release|Any CPU = Release|Any CPU
	EndGlobalSection
	GlobalSection(ProjectConfigurationPlatforms) = postSolution
		{1A7AF0A3-08F0-45E6-8C7F-6488BB23AE81}.Debug|Any CPU.ActiveCfg = Debug|Any CPU
		{1A7AF0A3-08F0-45E6-8C7F-6488BB23AE81}.Debug|Any CPU.Build.0 = Debug|Any CPU
		{1A7AF0A3-08F0-45E6-8C7F-6488BB23AE81}.Release|Any CPU.ActiveCfg = Release|Any CPU
		{1A7AF0A3-08F0-45E6-8C7F-6488BB23AE81}.Release|Any CPU.Build.0 = Release|Any CPU
	EndGlobalSection
	GlobalSection(SolutionProperties) = preSolution
		HideSolutionNode = FALSE
	EndGlobalSection
	GlobalSection(ExtensibilityGlobals) = postSolution
		SolutionGuid = {01E87B58-C52D-4199-9CAE-51122283D0F1}
	EndGlobalSection
EndGlobal
