
Microsoft Visual Studio Solution File, Format Version 12.00
# Visual Studio Version 17
VisualStudioVersion = 17.8.34511.84
MinimumVisualStudioVersion = 10.0.40219.1
Project("{FAE04EC0-301F-11D3-BF4B-00C04F79EFBC}") = "CSBusinessApp", "CSBusinessApp\CSBusinessApp.csproj", "{E5313E9B-7DB8-487E-9ED6-AD2639846D2F}"
EndProject
Global
	GlobalSection(SolutionConfigurationPlatforms) = preSolution
		Debug|Any CPU = Debug|Any CPU
		Release|Any CPU = Release|Any CPU
	EndGlobalSection
	GlobalSection(ProjectConfigurationPlatforms) = postSolution
		{E5313E9B-7DB8-487E-9ED6-AD2639846D2F}.Debug|Any CPU.ActiveCfg = Debug|Any CPU
		{E5313E9B-7DB8-487E-9ED6-AD2639846D2F}.Debug|Any CPU.Build.0 = Debug|Any CPU
		{E5313E9B-7DB8-487E-9ED6-AD2639846D2F}.Release|Any CPU.ActiveCfg = Release|Any CPU
		{E5313E9B-7DB8-487E-9ED6-AD2639846D2F}.Release|Any CPU.Build.0 = Release|Any CPU
	EndGlobalSection
	GlobalSection(SolutionProperties) = preSolution
		HideSolutionNode = FALSE
	EndGlobalSection
	GlobalSection(ExtensibilityGlobals) = postSolution
		SolutionGuid = {ABF595B7-B610-4B40-8647-9A76F32A3A3D}
	EndGlobalSection
EndGlobal
