
Microsoft Visual Studio Solution File, Format Version 12.00
# Visual Studio Version 17
VisualStudioVersion = 17.8.34511.84
MinimumVisualStudioVersion = 10.0.40219.1
Project("{FAE04EC0-301F-11D3-BF4B-00C04F79EFBC}") = "Calculator", "Calculator\Calculator.csproj", "{E3233864-F606-4DBA-B68D-2B12516B90DE}"
EndProject
Global
	GlobalSection(SolutionConfigurationPlatforms) = preSolution
		Debug|Any CPU = Debug|Any CPU
		Release|Any CPU = Release|Any CPU
	EndGlobalSection
	GlobalSection(ProjectConfigurationPlatforms) = postSolution
		{E3233864-F606-4DBA-B68D-2B12516B90DE}.Debug|Any CPU.ActiveCfg = Debug|Any CPU
		{E3233864-F606-4DBA-B68D-2B12516B90DE}.Debug|Any CPU.Build.0 = Debug|Any CPU
		{E3233864-F606-4DBA-B68D-2B12516B90DE}.Release|Any CPU.ActiveCfg = Release|Any CPU
		{E3233864-F606-4DBA-B68D-2B12516B90DE}.Release|Any CPU.Build.0 = Release|Any CPU
	EndGlobalSection
	GlobalSection(SolutionProperties) = preSolution
		HideSolutionNode = FALSE
	EndGlobalSection
	GlobalSection(ExtensibilityGlobals) = postSolution
		SolutionGuid = {C8F340C9-7E7E-4B5F-B7F7-894930E1FE63}
	EndGlobalSection
EndGlobal
